Microsoft Visual Studio Solution File, Format Version 12.00
# Visual Studio Version 16
VisualStudioVersion = 16.0.0.0
MinimumVisualStudioVersion = 16.0.0.0
Project("{9A19103F-16F7-4668-BE54-9A1E7A4F7556}") = "WebService.Core.Server", "Server\WebService.Core.Server.csproj", "{067C5531-F3B2-43EA-8605-9E126BA57FF0}"
EndProject
Project("{9A19103F-16F7-4668-BE54-9A1E7A4F7556}") = "WebService.Core.Client", "Client\WebService.Core.Client.csproj", "{2E83B453-F4AC-4A0F-8AB0-867D5891F45E}"
EndProject
Project("{9A19103F-16F7-4668-BE54-9A1E7A4F7556}") = "WebService.Core.Shared", "Shared\WebService.Core.Shared.csproj", "{FDA15336-FADD-43E4-AF74-7F6A74374DB8}"
EndProject
Global
	GlobalSection(SolutionConfigurationPlatforms) = preSolution
		Debug|Any CPU = Debug|Any CPU
		Debug|x64 = Debug|x64
		Debug|x86 = Debug|x86
		Release|Any CPU = Release|Any CPU
		Release|x64 = Release|x64
		Release|x86 = Release|x86
	EndGlobalSection
	GlobalSection(ProjectConfigurationPlatforms) = postSolution
		{2E83B453-F4AC-4A0F-8AB0-867D5891F45E}.Debug|Any CPU.ActiveCfg = Debug|Any CPU
		{2E83B453-F4AC-4A0F-8AB0-867D5891F45E}.Debug|Any CPU.Build.0 = Debug|Any CPU
		{2E83B453-F4AC-4A0F-8AB0-867D5891F45E}.Debug|x64.ActiveCfg = Debug|Any CPU
		{2E83B453-F4AC-4A0F-8AB0-867D5891F45E}.Debug|x64.Build.0 = Debug|Any CPU
		{2E83B453-F4AC-4A0F-8AB0-867D5891F45E}.Debug|x86.ActiveCfg = Debug|Any CPU
		{2E83B453-F4AC-4A0F-8AB0-867D5891F45E}.Debug|x86.Build.0 = Debug|Any CPU
		{2E83B453-F4AC-4A0F-8AB0-867D5891F45E}.Release|Any CPU.ActiveCfg = Release|Any CPU
		{2E83B453-F4AC-4A0F-8AB0-867D5891F45E}.Release|Any CPU.Build.0 = Release|Any CPU
		{2E83B453-F4AC-4A0F-8AB0-867D5891F45E}.Release|x64.ActiveCfg = Release|Any CPU
		{2E83B453-F4AC-4A0F-8AB0-867D5891F45E}.Release|x64.Build.0 = Release|Any CPU
		{2E83B453-F4AC-4A0F-8AB0-867D5891F45E}.Release|x86.ActiveCfg = Release|Any CPU
		{2E83B453-F4AC-4A0F-8AB0-867D5891F45E}.Release|x86.Build.0 = Release|Any CPU
		{067C5531-F3B2-43EA-8605-9E126BA57FF0}.Debug|Any CPU.ActiveCfg = Debug|Any CPU
		{067C5531-F3B2-43EA-8605-9E126BA57FF0}.Debug|Any CPU.Build.0 = Debug|Any CPU
		{067C5531-F3B2-43EA-8605-9E126BA57FF0}.Debug|x64.ActiveCfg = Debug|Any CPU
		{067C5531-F3B2-43EA-8605-9E126BA57FF0}.Debug|x64.Build.0 = Debug|Any CPU
		{067C5531-F3B2-43EA-8605-9E126BA57FF0}.Debug|x86.ActiveCfg = Debug|Any CPU
		{067C5531-F3B2-43EA-8605-9E126BA57FF0}.Debug|x86.Build.0 = Debug|Any CPU
		{067C5531-F3B2-43EA-8605-9E126BA57FF0}.Release|Any CPU.ActiveCfg = Release|Any CPU
		{067C5531-F3B2-43EA-8605-9E126BA57FF0}.Release|Any CPU.Build.0 = Release|Any CPU
		{067C5531-F3B2-43EA-8605-9E126BA57FF0}.Release|x64.ActiveCfg = Release|Any CPU
		{067C5531-F3B2-43EA-8605-9E126BA57FF0}.Release|x64.Build.0 = Release|Any CPU
		{067C5531-F3B2-43EA-8605-9E126BA57FF0}.Release|x86.ActiveCfg = Release|Any CPU
		{067C5531-F3B2-43EA-8605-9E126BA57FF0}.Release|x86.Build.0 = Release|Any CPU
		{FDA15336-FADD-43E4-AF74-7F6A74374DB8}.Debug|Any CPU.ActiveCfg = Debug|Any CPU
		{FDA15336-FADD-43E4-AF74-7F6A74374DB8}.Debug|Any CPU.Build.0 = Debug|Any CPU
		{FDA15336-FADD-43E4-AF74-7F6A74374DB8}.Debug|x64.ActiveCfg = Debug|Any CPU
		{FDA15336-FADD-43E4-AF74-7F6A74374DB8}.Debug|x64.Build.0 = Debug|Any CPU
		{FDA15336-FADD-43E4-AF74-7F6A74374DB8}.Debug|x86.ActiveCfg = Debug|Any CPU
		{FDA15336-FADD-43E4-AF74-7F6A74374DB8}.Debug|x86.Build.0 = Debug|Any CPU
		{FDA15336-FADD-43E4-AF74-7F6A74374DB8}.Release|Any CPU.ActiveCfg = Release|Any CPU
		{FDA15336-FADD-43E4-AF74-7F6A74374DB8}.Release|Any CPU.Build.0 = Release|Any CPU
		{FDA15336-FADD-43E4-AF74-7F6A74374DB8}.Release|x64.ActiveCfg = Release|Any CPU
		{FDA15336-FADD-43E4-AF74-7F6A74374DB8}.Release|x64.Build.0 = Release|Any CPU
		{FDA15336-FADD-43E4-AF74-7F6A74374DB8}.Release|x86.ActiveCfg = Release|Any CPU
		{FDA15336-FADD-43E4-AF74-7F6A74374DB8}.Release|x86.Build.0 = Release|Any CPU
	EndGlobalSection
	GlobalSection(SolutionProperties) = preSolution
		HideSolutionNode = FALSE
	EndGlobalSection
	GlobalSection(ExtensibilityGlobals) = postSolution
		SolutionGuid = {334E70EC-DD66-44B9-A364-E21C8CF2B285}
	EndGlobalSection
EndGlobal